
Microsoft Visual Studio Solution File, Format Version 12.00
# Visual Studio 2013
VisualStudioVersion = 12.0.21005.1
MinimumVisualStudioVersion = 10.0.40219.1
Project("{FAE04EC0-301F-11D3-BF4B-00C04F79EFBC}") = "DBLab9", "DBLab9\DBLab9.csproj", "{9972FFEB-FB4C-40F2-B24D-7A979B947ABD}"
EndProject
Global
	GlobalSection(SolutionConfigurationPlatforms) = preSolution
		Debug|Any CPU = Debug|Any CPU
		Release|Any CPU = Release|Any CPU
	EndGlobalSection
	GlobalSection(ProjectConfigurationPlatforms) = postSolution
		{9972FFEB-FB4C-40F2-B24D-7A979B947ABD}.Debug|Any CPU.ActiveCfg = Debug|Any CPU
		{9972FFEB-FB4C-40F2-B24D-7A979B947ABD}.Debug|Any CPU.Build.0 = Debug|Any CPU
		{9972FFEB-FB4C-40F2-B24D-7A979B947ABD}.Release|Any CPU.ActiveCfg = Release|Any CPU
		{9972FFEB-FB4C-40F2-B24D-7A979B947ABD}.Release|Any CPU.Build.0 = Release|Any CPU
	EndGlobalSection
	GlobalSection(SolutionProperties) = preSolution
		HideSolutionNode = FALSE
	EndGlobalSection
EndGlobal
