
Microsoft Visual Studio Solution File, Format Version 12.00
# Visual Studio 2013
VisualStudioVersion = 12.0.21005.1
MinimumVisualStudioVersion = 10.0.40219.1
Project("{FAE04EC0-301F-11D3-BF4B-00C04F79EFBC}") = "CenterOfEployment_0.1.0", "CenterOfEployment_0.1.0\CenterOfEployment_0.1.0.csproj", "{107BF856-96D0-49A2-A846-4FF1708785FF}"
EndProject
Global
	GlobalSection(SolutionConfigurationPlatforms) = preSolution
		Debug|Any CPU = Debug|Any CPU
		Release|Any CPU = Release|Any CPU
	EndGlobalSection
	GlobalSection(ProjectConfigurationPlatforms) = postSolution
		{107BF856-96D0-49A2-A846-4FF1708785FF}.Debug|Any CPU.ActiveCfg = Debug|Any CPU
		{107BF856-96D0-49A2-A846-4FF1708785FF}.Debug|Any CPU.Build.0 = Debug|Any CPU
		{107BF856-96D0-49A2-A846-4FF1708785FF}.Release|Any CPU.ActiveCfg = Release|Any CPU
		{107BF856-96D0-49A2-A846-4FF1708785FF}.Release|Any CPU.Build.0 = Release|Any CPU
	EndGlobalSection
	GlobalSection(SolutionProperties) = preSolution
		HideSolutionNode = FALSE
	EndGlobalSection
EndGlobal
